// !$*UTF8*$!
{
	archiveVersion = 1;
	classes = {
	};
	objectVersion = 46;
	objects = {

/* Begin PBXBuildFile section */
		0462E9E21ED568BE009F3956 /* AppDelegate.swift in Sources */ = {isa = PBXBuildFile; fileRef = 0462E9E11ED568BE009F3956 /* AppDelegate.swift */; };
		0462E9E41ED568BE009F3956 /* ViewController.swift in Sources */ = {isa = PBXBuildFile; fileRef = 0462E9E31ED568BE009F3956 /* ViewController.swift */; };
		0462E9E71ED568BE009F3956 /* Main.storyboard in Resources */ = {isa = PBXBuildFile; fileRef = 0462E9E51ED568BE009F3956 /* Main.storyboard */; };
		0462E9E91ED568BE009F3956 /* Assets.xcassets in Resources */ = {isa = PBXBuildFile; fileRef = 0462E9E81ED568BE009F3956 /* Assets.xcassets */; };
		0462E9EC1ED568BE009F3956 /* LaunchScreen.storyboard in Resources */ = {isa = PBXBuildFile; fileRef = 0462E9EA1ED568BE009F3956 /* LaunchScreen.storyboard */; };
		0462E9F71ED568BE009F3956 /* StrSTripeTests.swift in Sources */ = {isa = PBXBuildFile; fileRef = 0462E9F61ED568BE009F3956 /* StrSTripeTests.swift */; };
		0462EA021ED568BE009F3956 /* StrSTripeUITests.swift in Sources */ = {isa = PBXBuildFile; fileRef = 0462EA011ED568BE009F3956 /* StrSTripeUITests.swift */; };
		0462EA111ED56959009F3956 /* MessageUI.framework in Frameworks */ = {isa = PBXBuildFile; fileRef = 0462EA101ED56959009F3956 /* MessageUI.framework */; };
/* End PBXBuildFile section */

/* Begin PBXContainerItemProxy section */
		0462E9F31ED568BE009F3956 /* PBXContainerItemProxy */ = {
			isa = PBXContainerItemProxy;
			containerPortal = 0462E9D61ED568BE009F3956 /* Project object */;
			proxyType = 1;
			remoteGlobalIDString = 0462E9DD1ED568BE009F3956;
			remoteInfo = StrSTripe;
		};
		0462E9FE1ED568BE009F3956 /* PBXContainerItemProxy */ = {
			isa = PBXContainerItemProxy;
			containerPortal = 0462E9D61ED568BE009F3956 /* Project object */;
			proxyType = 1;
			remoteGlobalIDString = 0462E9DD1ED568BE009F3956;
			remoteInfo = StrSTripe;
		};
/* End PBXContainerItemProxy section */

/* Begin PBXFileReference section */
		0462E9DE1ED568BE009F3956 /* StrSTripe.app */ = {isa = PBXFileReference; explicitFileType = wrapper.application; includeInIndex = 0; path = StrSTripe.app; sourceTree = BUILT_PRODUCTS_DIR; };
		0462E9E11ED568BE009F3956 /* AppDelegate.swift */ = {isa = PBXFileReference; lastKnownFileType = sourcecode.swift; path = AppDelegate.swift; sourceTree = "<group>"; };
		0462E9E31ED568BE009F3956 /* ViewController.swift */ = {isa = PBXFileReference; lastKnownFileType = sourcecode.swift; path = ViewController.swift; sourceTree = "<group>"; };
		0462E9E61ED568BE009F3956 /* Base */ = {isa = PBXFileReference; lastKnownFileType = file.storyboard; name = Base; path = Base.lproj/Main.storyboard; sourceTree = "<group>"; };
		0462E9E81ED568BE009F3956 /* Assets.xcassets */ = {isa = PBXFileReference; lastKnownFileType = folder.assetcatalog; path = Assets.xcassets; sourceTree = "<group>"; };
		0462E9EB1ED568BE009F3956 /* Base */ = {isa = PBXFileReference; lastKnownFileType = file.storyboard; name = Base; path = Base.lproj/LaunchScreen.storyboard; sourceTree = "<group>"; };
		0462E9ED1ED568BE009F3956 /* Info.plist */ = {isa = PBXFileReference; lastKnownFileType = text.plist.xml; path = Info.plist; sourceTree = "<group>"; };
		0462E9F21ED568BE009F3956 /* StrSTripeTests.xctest */ = {isa = PBXFileReference; explicitFileType = wrapper.cfbundle; includeInIndex = 0; path = StrSTripeTests.xctest; sourceTree = BUILT_PRODUCTS_DIR; };
		0462E9F61ED568BE009F3956 /* StrSTripeTests.swift */ = {isa = PBXFileReference; lastKnownFileType = sourcecode.swift; path = StrSTripeTests.swift; sourceTree = "<group>"; };
		0462E9F81ED568BE009F3956 /* Info.plist */ = {isa = PBXFileReference; lastKnownFileType = text.plist.xml; path = Info.plist; sourceTree = "<group>"; };
		0462E9FD1ED568BE009F3956 /* StrSTripeUITests.xctest */ = {isa = PBXFileReference; explicitFileType = wrapper.cfbundle; includeInIndex = 0; path = StrSTripeUITests.xctest; sourceTree = BUILT_PRODUCTS_DIR; };
		0462EA011ED568BE009F3956 /* StrSTripeUITests.swift */ = {isa = PBXFileReference; lastKnownFileType = sourcecode.swift; path = StrSTripeUITests.swift; sourceTree = "<group>"; };
		0462EA031ED568BE009F3956 /* Info.plist */ = {isa = PBXFileReference; lastKnownFileType = text.plist.xml; path = Info.plist; sourceTree = "<group>"; };
		0462EA101ED56959009F3956 /* MessageUI.framework */ = {isa = PBXFileReference; lastKnownFileType = wrapper.framework; name = MessageUI.framework; path = System/Library/Frameworks/MessageUI.framework; sourceTree = SDKROOT; };
/* End PBXFileReference section */

/* Begin PBXFrameworksBuildPhase section */
		0462E9DB1ED568BE009F3956 /* Frameworks */ = {
			isa = PBXFrameworksBuildPhase;
			buildActionMask = 2147483647;
			files = (
				0462EA111ED56959009F3956 /* MessageUI.framework in Frameworks */,
			);
			runOnlyForDeploymentPostprocessing = 0;
		};
		0462E9EF1ED568BE009F3956 /* Frameworks */ = {
			isa = PBXFrameworksBuildPhase;
			buildActionMask = 2147483647;
			files = (
			);
			runOnlyForDeploymentPostprocessing = 0;
		};
		0462E9FA1ED568BE009F3956 /* Frameworks */ = {
			isa = PBXFrameworksBuildPhase;
			buildActionMask = 2147483647;
			files = (
			);
			runOnlyForDeploymentPostprocessing = 0;
		};
/* End PBXFrameworksBuildPhase section */

/* Begin PBXGroup section */
		0462E9D51ED568BE009F3956 = {
			isa = PBXGroup;
			children = (
				0462E9E01ED568BE009F3956 /* StrSTripe */,
				0462E9F51ED568BE009F3956 /* StrSTripeTests */,
				0462EA001ED568BE009F3956 /* StrSTripeUITests */,
				0462E9DF1ED568BE009F3956 /* Products */,
				0462EA0F1ED56959009F3956 /* Frameworks */,
			);
			sourceTree = "<group>";
		};
		0462E9DF1ED568BE009F3956 /* Products */ = {
			isa = PBXGroup;
			children = (
				0462E9DE1ED568BE009F3956 /* StrSTripe.app */,
				0462E9F21ED568BE009F3956 /* StrSTripeTests.xctest */,
				0462E9FD1ED568BE009F3956 /* StrSTripeUITests.xctest */,
			);
			name = Products;
			sourceTree = "<group>";
		};
		0462E9E01ED568BE009F3956 /* StrSTripe */ = {
			isa = PBXGroup;
			children = (
				0462E9E11ED568BE009F3956 /* AppDelegate.swift */,
				0462E9E31ED568BE009F3956 /* ViewController.swift */,
				0462E9E51ED568BE009F3956 /* Main.storyboard */,
				0462E9E81ED568BE009F3956 /* Assets.xcassets */,
				0462E9EA1ED568BE009F3956 /* LaunchScreen.storyboard */,
				0462E9ED1ED568BE009F3956 /* Info.plist */,
			);
			path = StrSTripe;
			sourceTree = "<group>";
		};
		0462E9F51ED568BE009F3956 /* StrSTripeTests */ = {
			isa = PBXGroup;
			children = (
				0462E9F61ED568BE009F3956 /* StrSTripeTests.swift */,
				0462E9F81ED568BE009F3956 /* Info.plist */,
			);
			path = StrSTripeTests;
			sourceTree = "<group>";
		};
		0462EA001ED568BE009F3956 /* StrSTripeUITests */ = {
			isa = PBXGroup;
			children = (
				0462EA011ED568BE009F3956 /* StrSTripeUITests.swift */,
				0462EA031ED568BE009F3956 /* Info.plist */,
			);
			path = StrSTripeUITests;
			sourceTree = "<group>";
		};
		0462EA0F1ED56959009F3956 /* Frameworks */ = {
			isa = PBXGroup;
			children = (
				0462EA101ED56959009F3956 /* MessageUI.framework */,
			);
			name = Frameworks;
			sourceTree = "<group>";
		};
/* End PBXGroup section */

/* Begin PBXNativeTarget section */
		0462E9DD1ED568BE009F3956 /* StrSTripe */ = {
			isa = PBXNativeTarget;
			buildConfigurationList = 0462EA061ED568BE009F3956 /* Build configuration list for PBXNativeTarget "StrSTripe" */;
			buildPhases = (
				0462E9DA1ED568BE009F3956 /* Sources */,
				0462E9DB1ED568BE009F3956 /* Frameworks */,
				0462E9DC1ED568BE009F3956 /* Resources */,
			);
			buildRules = (
			);
			dependencies = (
			);
			name = StrSTripe;
			productName = StrSTripe;
			productReference = 0462E9DE1ED568BE009F3956 /* StrSTripe.app */;
			productType = "com.apple.product-type.application";
		};
		0462E9F11ED568BE009F3956 /* StrSTripeTests */ = {
			isa = PBXNativeTarget;
			buildConfigurationList = 0462EA091ED568BE009F3956 /* Build configuration list for PBXNativeTarget "StrSTripeTests" */;
			buildPhases = (
				0462E9EE1ED568BE009F3956 /* Sources */,
				0462E9EF1ED568BE009F3956 /* Frameworks */,
				0462E9F01ED568BE009F3956 /* Resources */,
			);
			buildRules = (
			);
			dependencies = (
				0462E9F41ED568BE009F3956 /* PBXTargetDependency */,
			);
			name = StrSTripeTests;
			productName = StrSTripeTests;
			productReference = 0462E9F21ED568BE009F3956 /* StrSTripeTests.xctest */;
			productType = "com.apple.product-type.bundle.unit-test";
		};
		0462E9FC1ED568BE009F3956 /* StrSTripeUITests */ = {
			isa = PBXNativeTarget;
			buildConfigurationList = 0462EA0C1ED568BE009F3956 /* Build configuration list for PBXNativeTarget "StrSTripeUITests" */;
			buildPhases = (
				0462E9F91ED568BE009F3956 /* Sources */,
				0462E9FA1ED568BE009F3956 /* Frameworks */,
				0462E9FB1ED568BE009F3956 /* Resources */,
			);
			buildRules = (
			);
			dependencies = (
				0462E9FF1ED568BE009F3956 /* PBXTargetDependency */,
			);
			name = StrSTripeUITests;
			productName = StrSTripeUITests;
			productReference = 0462E9FD1ED568BE009F3956 /* StrSTripeUITests.xctest */;
			productType = "com.apple.product-type.bundle.ui-testing";
		};
/* End PBXNativeTarget section */

/* Begin PBXProject section */
		0462E9D61ED568BE009F3956 /* Project object */ = {
			isa = PBXProject;
			attributes = {
				LastSwiftUpdateCheck = 0800;
				LastUpgradeCheck = 0800;
				ORGANIZATIONNAME = Atti;
				TargetAttributes = {
					0462E9DD1ED568BE009F3956 = {
						CreatedOnToolsVersion = 8.0;
						ProvisioningStyle = Automatic;
					};
					0462E9F11ED568BE009F3956 = {
						CreatedOnToolsVersion = 8.0;
						ProvisioningStyle = Automatic;
						TestTargetID = 0462E9DD1ED568BE009F3956;
					};
					0462E9FC1ED568BE009F3956 = {
						CreatedOnToolsVersion = 8.0;
						ProvisioningStyle = Automatic;
						TestTargetID = 0462E9DD1ED568BE009F3956;
					};
				};
			};
			buildConfigurationList = 0462E9D91ED568BE009F3956 /* Build configuration list for PBXProject "StrSTripe" */;
			compatibilityVersion = "Xcode 3.2";
			developmentRegion = English;
			hasScannedForEncodings = 0;
			knownRegions = (
				en,
				Base,
			);
			mainGroup = 0462E9D51ED568BE009F3956;
			productRefGroup = 0462E9DF1ED568BE009F3956 /* Products */;
			projectDirPath = "";
			projectRoot = "";
			targets = (
				0462E9DD1ED568BE009F3956 /* StrSTripe */,
				0462E9F11ED568BE009F3956 /* StrSTripeTests */,
				0462E9FC1ED568BE009F3956 /* StrSTripeUITests */,
			);
		};
/* End PBXProject section */

/* Begin PBXResourcesBuildPhase section */
		0462E9DC1ED568BE009F3956 /* Resources */ = {
			isa = PBXResourcesBuildPhase;
			buildActionMask = 2147483647;
			files = (
				0462E9EC1ED568BE009F3956 /* LaunchScreen.storyboard in Resources */,
				0462E9E91ED568BE009F3956 /* Assets.xcassets in Resources */,
				0462E9E71ED568BE009F3956 /* Main.storyboard in Resources */,
			);
			runOnlyForDeploymentPostprocessing = 0;
		};
		0462E9F01ED568BE009F3956 /* Resources */ = {
			isa = PBXResourcesBuildPhase;
			buildActionMask = 2147483647;
			files = (
			);
			runOnlyForDeploymentPostprocessing = 0;
		};
		0462E9FB1ED568BE009F3956 /* Resources */ = {
			isa = PBXResourcesBuildPhase;
			buildActionMask = 2147483647;
			files = (
			);
			runOnlyForDeploymentPostprocessing = 0;
		};
/* End PBXResourcesBuildPhase section */

/* Begin PBXSourcesBuildPhase section */
		0462E9DA1ED568BE009F3956 /* Sources */ = {
			isa = PBXSourcesBuildPhase;
			buildActionMask = 2147483647;
			files = (
				0462E9E41ED568BE009F3956 /* ViewController.swift in Sources */,
				0462E9E21ED568BE009F3956 /* AppDelegate.swift in Sources */,
			);
			runOnlyForDeploymentPostprocessing = 0;
		};
		0462E9EE1ED568BE009F3956 /* Sources */ = {
			isa = PBXSourcesBuildPhase;
			buildActionMask = 2147483647;
			files = (
				0462E9F71ED568BE009F3956 /* StrSTripeTests.swift in Sources */,
			);
			runOnlyForDeploymentPostprocessing = 0;
		};
		0462E9F91ED568BE009F3956 /* Sources */ = {
			isa = PBXSourcesBuildPhase;
			buildActionMask = 2147483647;
			files = (
				0462EA021ED568BE009F3956 /* StrSTripeUITests.swift in Sources */,
			);
			runOnlyForDeploymentPostprocessing = 0;
		};
/* End PBXSourcesBuildPhase section */

/* Begin PBXTargetDependency section */
		0462E9F41ED568BE009F3956 /* PBXTargetDependency */ = {
			isa = PBXTargetDependency;
			target = 0462E9DD1ED568BE009F3956 /* StrSTripe */;
			targetProxy = 0462E9F31ED568BE009F3956 /* PBXContainerItemProxy */;
		};
		0462E9FF1ED568BE009F3956 /* PBXTargetDependency */ = {
			isa = PBXTargetDependency;
			target = 0462E9DD1ED568BE009F3956 /* StrSTripe */;
			targetProxy = 0462E9FE1ED568BE009F3956 /* PBXContainerItemProxy */;
		};
/* End PBXTargetDependency section */

/* Begin PBXVariantGroup section */
		0462E9E51ED568BE009F3956 /* Main.storyboard */ = {
			isa = PBXVariantGroup;
			children = (
				0462E9E61ED568BE009F3956 /* Base */,
			);
			name = Main.storyboard;
			sourceTree = "<group>";
		};
		0462E9EA1ED568BE009F3956 /* LaunchScreen.storyboard */ = {
			isa = PBXVariantGroup;
			children = (
				0462E9EB1ED568BE009F3956 /* Base */,
			);
			name = LaunchScreen.storyboard;
			sourceTree = "<group>";
		};
/* End PBXVariantGroup section */

/* Begin XCBuildConfiguration section */
		0462EA041ED568BE009F3956 /* Debug */ = {
			isa = XCBuildConfiguration;
			buildSettings = {
				ALWAYS_SEARCH_USER_PATHS = NO;
				CLANG_ANALYZER_NONNULL = YES;
				CLANG_CXX_LANGUAGE_STANDARD = "gnu++0x";
				CLANG_CXX_LIBRARY = "libc++";
				CLANG_ENABLE_MODULES = YES;
				CLANG_ENABLE_OBJC_ARC = YES;
				CLANG_WARN_BOOL_CONVERSION = YES;
				CLANG_WARN_CONSTANT_CONVERSION = YES;
				CLANG_WARN_DIRECT_OBJC_ISA_USAGE = YES_ERROR;
				CLANG_WARN_DOCUMENTATION_COMMENTS = YES;
				CLANG_WARN_EMPTY_BODY = YES;
				CLANG_WARN_ENUM_CONVERSION = YES;
				CLANG_WARN_INFINITE_RECURSION = YES;
				CLANG_WARN_INT_CONVERSION = YES;
				CLANG_WARN_OBJC_ROOT_CLASS = YES_ERROR;
				CLANG_WARN_SUSPICIOUS_MOVES = YES;
				CLANG_WARN_UNREACHABLE_CODE = YES;
				CLANG_WARN__DUPLICATE_METHOD_MATCH = YES;
				"CODE_SIGN_IDENTITY[sdk=iphoneos*]" = "iPhone Developer";
				COPY_PHASE_STRIP = NO;
				DEBUG_INFORMATION_FORMAT = dwarf;
				ENABLE_STRICT_OBJC_MSGSEND = YES;
				ENABLE_TESTABILITY = YES;
				GCC_C_LANGUAGE_STANDARD = gnu99;
				GCC_DYNAMIC_NO_PIC = NO;
				GCC_NO_COMMON_BLOCKS = YES;
				GCC_OPTIMIZATION_LEVEL = 0;
				GCC_PREPROCESSOR_DEFINITIONS = (
					"DEBUG=1",
					"$(inherited)",
				);
				GCC_WARN_64_TO_32_BIT_CONVERSION = YES;
				GCC_WARN_ABOUT_RETURN_TYPE = YES_ERROR;
				GCC_WARN_UNDECLARED_SELECTOR = YES;
				GCC_WARN_UNINITIALIZED_AUTOS = YES_AGGRESSIVE;
				GCC_WARN_UNUSED_FUNCTION = YES;
				GCC_WARN_UNUSED_VARIABLE = YES;
				IPHONEOS_DEPLOYMENT_TARGET = 10.0;
				MTL_ENABLE_DEBUG_INFO = YES;
				ONLY_ACTIVE_ARCH = YES;
				SDKROOT = iphoneos;
				SWIFT_ACTIVE_COMPILATION_CONDITIONS = DEBUG;
				SWIFT_OPTIMIZATION_LEVEL = "-Onone";
			};
			name = Debug;
		};
		0462EA051ED568BE009F3956 /* Release */ = {
			isa = XCBuildConfiguration;
			buildSettings = {
				ALWAYS_SEARCH_USER_PATHS = NO;
				CLANG_ANALYZER_NONNULL = YES;
				CLANG_CXX_LANGUAGE_STANDARD = "gnu++0x";
				CLANG_CXX_LIBRARY = "libc++";
				CLANG_ENABLE_MODULES = YES;
				CLANG_ENABLE_OBJC_ARC = YES;
				CLANG_WARN_BOOL_CONVERSION = YES;
				CLANG_WARN_CONSTANT_CONVERSION = YES;
				CLANG_WARN_DIRECT_OBJC_ISA_USAGE = YES_ERROR;
				CLANG_WARN_DOCUMENTATION_COMMENTS = YES;
				CLANG_WARN_EMPTY_BODY = YES;
				CLANG_WARN_ENUM_CONVERSION = YES;
				CLANG_WARN_INFINITE_RECURSION = YES;
				CLANG_WARN_INT_CONVERSION = YES;
				CLANG_WARN_OBJC_ROOT_CLASS = YES_ERROR;
				CLANG_WARN_SUSPICIOUS_MOVES = YES;
				CLANG_WARN_UNREACHABLE_CODE = YES;
				CLANG_WARN__DUPLICATE_METHOD_MATCH = YES;
				"CODE_SIGN_IDENTITY[sdk=iphoneos*]" = "iPhone Developer";
				COPY_PHASE_STRIP = NO;
				DEBUG_INFORMATION_FORMAT = "dwarf-with-dsym";
				ENABLE_NS_ASSERTIONS = NO;
				ENABLE_STRICT_OBJC_MSGSEND = YES;
				GCC_C_LANGUAGE_STANDARD = gnu99;
				GCC_NO_COMMON_BLOCKS = YES;
				GCC_WARN_64_TO_32_BIT_CONVERSION = YES;
				GCC_WARN_ABOUT_RETURN_TYPE = YES_ERROR;
				GCC_WARN_UNDECLARED_SELECTOR = YES;
				GCC_WARN_UNINITIALIZED_AUTOS = YES_AGGRESSIVE;
				GCC_WARN_UNUSED_FUNCTION = YES;
				GCC_WARN_UNUSED_VARIABLE = YES;
				IPHONEOS_DEPLOYMENT_TARGET = 10.0;
				MTL_ENABLE_DEBUG_INFO = NO;
				SDKROOT = iphoneos;
				SWIFT_OPTIMIZATION_LEVEL = "-Owholemodule";
				VALIDATE_PRODUCT = YES;
			};
			name = Release;
		};
		0462EA071ED568BE009F3956 /* Debug */ = {
			isa = XCBuildConfiguration;
			buildSettings = {
				ASSETCATALOG_COMPILER_APPICON_NAME = AppIcon;
				INFOPLIST_FILE = StrSTripe/Info.plist;
				LD_RUNPATH_SEARCH_PATHS = "$(inherited) @executable_path/Frameworks";
				PRODUCT_BUNDLE_IDENTIFIER = com.atti.StrSTripe;
				PRODUCT_NAME = "$(TARGET_NAME)";
				SWIFT_VERSION = 3.0;
			};
			name = Debug;
		};
		0462EA081ED568BE009F3956 /* Release */ = {
			isa = XCBuildConfiguration;
			buildSettings = {
				ASSETCATALOG_COMPILER_APPICON_NAME = AppIcon;
				INFOPLIST_FILE = StrSTripe/Info.plist;
				LD_RUNPATH_SEARCH_PATHS = "$(inherited) @executable_path/Frameworks";
				PRODUCT_BUNDLE_IDENTIFIER = com.atti.StrSTripe;
				PRODUCT_NAME = "$(TARGET_NAME)";
				SWIFT_VERSION = 3.0;
			};
			name = Release;
		};
		0462EA0A1ED568BE009F3956 /* Debug */ = {
			isa = XCBuildConfiguration;
			buildSettings = {
				ALWAYS_EMBED_SWIFT_STANDARD_LIBRARIES = YES;
				BUNDLE_LOADER = "$(TEST_HOST)";
				INFOPLIST_FILE = StrSTripeTests/Info.plist;
				LD_RUNPATH_SEARCH_PATHS = "$(inherited) @executable_path/Frameworks @loader_path/Frameworks";
				PRODUCT_BUNDLE_IDENTIFIER = com.atti.StrSTripeTests;
				PRODUCT_NAME = "$(TARGET_NAME)";
				SWIFT_VERSION = 3.0;
				TEST_HOST = "$(BUILT_PRODUCTS_DIR)/StrSTripe.app/StrSTripe";
			};
			name = Debug;
		};
		0462EA0B1ED568BE009F3956 /* Release */ = {
			isa = XCBuildConfiguration;
			buildSettings = {
				ALWAYS_EMBED_SWIFT_STANDARD_LIBRARIES = YES;
				BUNDLE_LOADER = "$(TEST_HOST)";
				INFOPLIST_FILE = StrSTripeTests/Info.plist;
				LD_RUNPATH_SEARCH_PATHS = "$(inherited) @executable_path/Frameworks @loader_path/Frameworks";
				PRODUCT_BUNDLE_IDENTIFIER = com.atti.StrSTripeTests;
				PRODUCT_NAME = "$(TARGET_NAME)";
				SWIFT_VERSION = 3.0;
				TEST_HOST = "$(BUILT_PRODUCTS_DIR)/StrSTripe.app/StrSTripe";
			};
			name = Release;
		};
		0462EA0D1ED568BE009F3956 /* Debug */ = {
			isa = XCBuildConfiguration;
			buildSettings = {
				ALWAYS_EMBED_SWIFT_STANDARD_LIBRARIES = YES;
				INFOPLIST_FILE = StrSTripeUITests/Info.plist;
				LD_RUNPATH_SEARCH_PATHS = "$(inherited) @executable_path/Frameworks @loader_path/Frameworks";
				PRODUCT_BUNDLE_IDENTIFIER = com.atti.StrSTripeUITests;
				PRODUCT_NAME = "$(TARGET_NAME)";
				SWIFT_VERSION = 3.0;
				TEST_TARGET_NAME = StrSTripe;
			};
			name = Debug;
		};
		0462EA0E1ED568BE009F3956 /* Release */ = {
			isa = XCBuildConfiguration;
			buildSettings = {
				ALWAYS_EMBED_SWIFT_STANDARD_LIBRARIES = YES;
				INFOPLIST_FILE = StrSTripeUITests/Info.plist;
				LD_RUNPATH_SEARCH_PATHS = "$(inherited) @executable_path/Frameworks @loader_path/Frameworks";
				PRODUCT_BUNDLE_IDENTIFIER = com.atti.StrSTripeUITests;
				PRODUCT_NAME = "$(TARGET_NAME)";
				SWIFT_VERSION = 3.0;
				TEST_TARGET_NAME = StrSTripe;
			};
			name = Release;
		};
/* End XCBuildConfiguration section */

/* Begin XCConfigurationList section */
		0462E9D91ED568BE009F3956 /* Build configuration list for PBXProject "StrSTripe" */ = {
			isa = XCConfigurationList;
			buildConfigurations = (
				0462EA041ED568BE009F3956 /* Debug */,
				0462EA051ED568BE009F3956 /* Release */,
			);
			defaultConfigurationIsVisible = 0;
			defaultConfigurationName = Release;
		};
		0462EA061ED568BE009F3956 /* Build configuration list for PBXNativeTarget "StrSTripe" */ = {
			isa = XCConfigurationList;
			buildConfigurations = (
				0462EA071ED568BE009F3956 /* Debug */,
				0462EA081ED568BE009F3956 /* Release */,
			);
			defaultConfigurationIsVisible = 0;
		};
		0462EA091ED568BE009F3956 /* Build configuration list for PBXNativeTarget "StrSTripeTests" */ = {
			isa = XCConfigurationList;
			buildConfigurations = (
				0462EA0A1ED568BE009F3956 /* Debug */,
				0462EA0B1ED568BE009F3956 /* Release */,
			);
			defaultConfigurationIsVisible = 0;
		};
		0462EA0C1ED568BE009F3956 /* Build configuration list for PBXNativeTarget "StrSTripeUITests" */ = {
			isa = XCConfigurationList;
			buildConfigurations = (
				0462EA0D1ED568BE009F3956 /* Debug */,
				0462EA0E1ED568BE009F3956 /* Release */,
			);
			defaultConfigurationIsVisible = 0;
		};
/* End XCConfigurationList section */
	};
	rootObject = 0462E9D61ED568BE009F3956 /* Project object */;
}
